
Microsoft Visual Studio Solution File, Format Version 12.00
# Visual Studio Version 17
VisualStudioVersion = 17.4.33403.182
MinimumVisualStudioVersion = 10.0.40219.1
Project("{2150E333-8FDC-42A3-9474-1A3956D46DE8}") = "src", "src", "{70BE002B-7554-4778-9000-71A0BE5F000F}"
EndProject
Project("{2150E333-8FDC-42A3-9474-1A3956D46DE8}") = "tests", "tests", "{650BFB1D-9412-4848-BC2A-FF3AE53CD633}"
EndProject
Project("{9A19103F-16F7-4668-BE54-9A1E7A4F7556}") = "CodeWars.1kyu", "src\CodeWars.1kyu\CodeWars.1kyu.csproj", "{03BC14CE-B453-4328-82D7-839068F540F5}"
EndProject
Project("{9A19103F-16F7-4668-BE54-9A1E7A4F7556}") = "CodeWars.2kyu", "src\CodeWars.2kyu\CodeWars.2kyu.csproj", "{D02C5463-2F01-44E5-AE9B-53728E95B102}"
EndProject
Project("{9A19103F-16F7-4668-BE54-9A1E7A4F7556}") = "CodeWars.3kyu", "src\CodeWars.3kyu\CodeWars.3kyu.csproj", "{33FB27A9-F987-4766-A67A-E7D78F916CD0}"
EndProject
Project("{9A19103F-16F7-4668-BE54-9A1E7A4F7556}") = "CodeWars.Simulation", "src\CodeWars.Simulation\CodeWars.Simulation.csproj", "{CBAD3B5F-FB49-4152-93C1-BCECEC5C9E4C}"
EndProject
Project("{9A19103F-16F7-4668-BE54-9A1E7A4F7556}") = "CodeWars.Tests.Units", "src\CodeWars.Tests.Units\CodeWars.Tests.Units.csproj", "{D29BFD71-AA2D-40DF-ADC8-CAB7085E1C2B}"
EndProject
Project("{9A19103F-16F7-4668-BE54-9A1E7A4F7556}") = "CodeWars.4kyu", "src\CodeWars.4kyu\CodeWars.4kyu.csproj", "{7D302111-7860-449D-B38F-C484AA038486}"
EndProject
Project("{9A19103F-16F7-4668-BE54-9A1E7A4F7556}") = "CodeWars.5kyu", "src\CodeWars.5kyu\CodeWars.5kyu.csproj", "{5FB04A57-69D3-4233-9A23-2D1D20A61D56}"
EndProject
Project("{9A19103F-16F7-4668-BE54-9A1E7A4F7556}") = "CodeWars.6kyu", "src\CodeWars.6kyu\CodeWars.6kyu.csproj", "{11B0851D-BCF5-425B-BE6F-C191DF8DD13F}"
EndProject
Project("{9A19103F-16F7-4668-BE54-9A1E7A4F7556}") = "CodeWars.7kyu", "src\CodeWars.7kyu\CodeWars.7kyu.csproj", "{71F05BBD-2EFA-4C66-8B70-0DF6403ED5EC}"
EndProject
Global
	GlobalSection(SolutionConfigurationPlatforms) = preSolution
		Debug|Any CPU = Debug|Any CPU
		Debug|x64 = Debug|x64
		Release|Any CPU = Release|Any CPU
		Release|x64 = Release|x64
	EndGlobalSection
	GlobalSection(ProjectConfigurationPlatforms) = postSolution
		{03BC14CE-B453-4328-82D7-839068F540F5}.Debug|Any CPU.ActiveCfg = Debug|Any CPU
		{03BC14CE-B453-4328-82D7-839068F540F5}.Debug|Any CPU.Build.0 = Debug|Any CPU
		{03BC14CE-B453-4328-82D7-839068F540F5}.Debug|x64.ActiveCfg = Debug|Any CPU
		{03BC14CE-B453-4328-82D7-839068F540F5}.Debug|x64.Build.0 = Debug|Any CPU
		{03BC14CE-B453-4328-82D7-839068F540F5}.Release|Any CPU.ActiveCfg = Release|Any CPU
		{03BC14CE-B453-4328-82D7-839068F540F5}.Release|Any CPU.Build.0 = Release|Any CPU
		{03BC14CE-B453-4328-82D7-839068F540F5}.Release|x64.ActiveCfg = Release|Any CPU
		{03BC14CE-B453-4328-82D7-839068F540F5}.Release|x64.Build.0 = Release|Any CPU
		{D02C5463-2F01-44E5-AE9B-53728E95B102}.Debug|Any CPU.ActiveCfg = Debug|Any CPU
		{D02C5463-2F01-44E5-AE9B-53728E95B102}.Debug|Any CPU.Build.0 = Debug|Any CPU
		{D02C5463-2F01-44E5-AE9B-53728E95B102}.Debug|x64.ActiveCfg = Debug|Any CPU
		{D02C5463-2F01-44E5-AE9B-53728E95B102}.Debug|x64.Build.0 = Debug|Any CPU
		{D02C5463-2F01-44E5-AE9B-53728E95B102}.Release|Any CPU.ActiveCfg = Release|Any CPU
		{D02C5463-2F01-44E5-AE9B-53728E95B102}.Release|Any CPU.Build.0 = Release|Any CPU
		{D02C5463-2F01-44E5-AE9B-53728E95B102}.Release|x64.ActiveCfg = Release|Any CPU
		{D02C5463-2F01-44E5-AE9B-53728E95B102}.Release|x64.Build.0 = Release|Any CPU
		{33FB27A9-F987-4766-A67A-E7D78F916CD0}.Debug|Any CPU.ActiveCfg = Debug|Any CPU
		{33FB27A9-F987-4766-A67A-E7D78F916CD0}.Debug|Any CPU.Build.0 = Debug|Any CPU
		{33FB27A9-F987-4766-A67A-E7D78F916CD0}.Debug|x64.ActiveCfg = Debug|Any CPU
		{33FB27A9-F987-4766-A67A-E7D78F916CD0}.Debug|x64.Build.0 = Debug|Any CPU
		{33FB27A9-F987-4766-A67A-E7D78F916CD0}.Release|Any CPU.ActiveCfg = Release|Any CPU
		{33FB27A9-F987-4766-A67A-E7D78F916CD0}.Release|Any CPU.Build.0 = Release|Any CPU
		{33FB27A9-F987-4766-A67A-E7D78F916CD0}.Release|x64.ActiveCfg = Release|Any CPU
		{33FB27A9-F987-4766-A67A-E7D78F916CD0}.Release|x64.Build.0 = Release|Any CPU
		{CBAD3B5F-FB49-4152-93C1-BCECEC5C9E4C}.Debug|Any CPU.ActiveCfg = Debug|Any CPU
		{CBAD3B5F-FB49-4152-93C1-BCECEC5C9E4C}.Debug|Any CPU.Build.0 = Debug|Any CPU
		{CBAD3B5F-FB49-4152-93C1-BCECEC5C9E4C}.Debug|x64.ActiveCfg = Debug|x64
		{CBAD3B5F-FB49-4152-93C1-BCECEC5C9E4C}.Debug|x64.Build.0 = Debug|x64
		{CBAD3B5F-FB49-4152-93C1-BCECEC5C9E4C}.Release|Any CPU.ActiveCfg = Release|Any CPU
		{CBAD3B5F-FB49-4152-93C1-BCECEC5C9E4C}.Release|Any CPU.Build.0 = Release|Any CPU
		{CBAD3B5F-FB49-4152-93C1-BCECEC5C9E4C}.Release|x64.ActiveCfg = Release|x64
		{CBAD3B5F-FB49-4152-93C1-BCECEC5C9E4C}.Release|x64.Build.0 = Release|x64
		{D29BFD71-AA2D-40DF-ADC8-CAB7085E1C2B}.Debug|Any CPU.ActiveCfg = Debug|Any CPU
		{D29BFD71-AA2D-40DF-ADC8-CAB7085E1C2B}.Debug|Any CPU.Build.0 = Debug|Any CPU
		{D29BFD71-AA2D-40DF-ADC8-CAB7085E1C2B}.Debug|x64.ActiveCfg = Debug|x64
		{D29BFD71-AA2D-40DF-ADC8-CAB7085E1C2B}.Debug|x64.Build.0 = Debug|x64
		{D29BFD71-AA2D-40DF-ADC8-CAB7085E1C2B}.Release|Any CPU.ActiveCfg = Release|Any CPU
		{D29BFD71-AA2D-40DF-ADC8-CAB7085E1C2B}.Release|Any CPU.Build.0 = Release|Any CPU
		{D29BFD71-AA2D-40DF-ADC8-CAB7085E1C2B}.Release|x64.ActiveCfg = Release|x64
		{D29BFD71-AA2D-40DF-ADC8-CAB7085E1C2B}.Release|x64.Build.0 = Release|x64
		{7D302111-7860-449D-B38F-C484AA038486}.Debug|Any CPU.ActiveCfg = Debug|Any CPU
		{7D302111-7860-449D-B38F-C484AA038486}.Debug|Any CPU.Build.0 = Debug|Any CPU
		{7D302111-7860-449D-B38F-C484AA038486}.Debug|x64.ActiveCfg = Debug|Any CPU
		{7D302111-7860-449D-B38F-C484AA038486}.Debug|x64.Build.0 = Debug|Any CPU
		{7D302111-7860-449D-B38F-C484AA038486}.Release|Any CPU.ActiveCfg = Release|Any CPU
		{7D302111-7860-449D-B38F-C484AA038486}.Release|Any CPU.Build.0 = Release|Any CPU
		{7D302111-7860-449D-B38F-C484AA038486}.Release|x64.ActiveCfg = Release|Any CPU
		{7D302111-7860-449D-B38F-C484AA038486}.Release|x64.Build.0 = Release|Any CPU
		{5FB04A57-69D3-4233-9A23-2D1D20A61D56}.Debug|Any CPU.ActiveCfg = Debug|Any CPU
		{5FB04A57-69D3-4233-9A23-2D1D20A61D56}.Debug|Any CPU.Build.0 = Debug|Any CPU
		{5FB04A57-69D3-4233-9A23-2D1D20A61D56}.Debug|x64.ActiveCfg = Debug|Any CPU
		{5FB04A57-69D3-4233-9A23-2D1D20A61D56}.Debug|x64.Build.0 = Debug|Any CPU
		{5FB04A57-69D3-4233-9A23-2D1D20A61D56}.Release|Any CPU.ActiveCfg = Release|Any CPU
		{5FB04A57-69D3-4233-9A23-2D1D20A61D56}.Release|Any CPU.Build.0 = Release|Any CPU
		{5FB04A57-69D3-4233-9A23-2D1D20A61D56}.Release|x64.ActiveCfg = Release|Any CPU
		{5FB04A57-69D3-4233-9A23-2D1D20A61D56}.Release|x64.Build.0 = Release|Any CPU
		{11B0851D-BCF5-425B-BE6F-C191DF8DD13F}.Debug|Any CPU.ActiveCfg = Debug|Any CPU
		{11B0851D-BCF5-425B-BE6F-C191DF8DD13F}.Debug|Any CPU.Build.0 = Debug|Any CPU
		{11B0851D-BCF5-425B-BE6F-C191DF8DD13F}.Debug|x64.ActiveCfg = Debug|Any CPU
		{11B0851D-BCF5-425B-BE6F-C191DF8DD13F}.Debug|x64.Build.0 = Debug|Any CPU
		{11B0851D-BCF5-425B-BE6F-C191DF8DD13F}.Release|Any CPU.ActiveCfg = Release|Any CPU
		{11B0851D-BCF5-425B-BE6F-C191DF8DD13F}.Release|Any CPU.Build.0 = Release|Any CPU
		{11B0851D-BCF5-425B-BE6F-C191DF8DD13F}.Release|x64.ActiveCfg = Release|Any CPU
		{11B0851D-BCF5-425B-BE6F-C191DF8DD13F}.Release|x64.Build.0 = Release|Any CPU
		{71F05BBD-2EFA-4C66-8B70-0DF6403ED5EC}.Debug|Any CPU.ActiveCfg = Debug|Any CPU
		{71F05BBD-2EFA-4C66-8B70-0DF6403ED5EC}.Debug|Any CPU.Build.0 = Debug|Any CPU
		{71F05BBD-2EFA-4C66-8B70-0DF6403ED5EC}.Debug|x64.ActiveCfg = Debug|Any CPU
		{71F05BBD-2EFA-4C66-8B70-0DF6403ED5EC}.Debug|x64.Build.0 = Debug|Any CPU
		{71F05BBD-2EFA-4C66-8B70-0DF6403ED5EC}.Release|Any CPU.ActiveCfg = Release|Any CPU
		{71F05BBD-2EFA-4C66-8B70-0DF6403ED5EC}.Release|Any CPU.Build.0 = Release|Any CPU
		{71F05BBD-2EFA-4C66-8B70-0DF6403ED5EC}.Release|x64.ActiveCfg = Release|Any CPU
		{71F05BBD-2EFA-4C66-8B70-0DF6403ED5EC}.Release|x64.Build.0 = Release|Any CPU
	EndGlobalSection
	GlobalSection(SolutionProperties) = preSolution
		HideSolutionNode = FALSE
	EndGlobalSection
	GlobalSection(NestedProjects) = preSolution
		{03BC14CE-B453-4328-82D7-839068F540F5} = {70BE002B-7554-4778-9000-71A0BE5F000F}
		{D02C5463-2F01-44E5-AE9B-53728E95B102} = {70BE002B-7554-4778-9000-71A0BE5F000F}
		{33FB27A9-F987-4766-A67A-E7D78F916CD0} = {70BE002B-7554-4778-9000-71A0BE5F000F}
		{CBAD3B5F-FB49-4152-93C1-BCECEC5C9E4C} = {650BFB1D-9412-4848-BC2A-FF3AE53CD633}
		{D29BFD71-AA2D-40DF-ADC8-CAB7085E1C2B} = {650BFB1D-9412-4848-BC2A-FF3AE53CD633}
		{7D302111-7860-449D-B38F-C484AA038486} = {70BE002B-7554-4778-9000-71A0BE5F000F}
		{5FB04A57-69D3-4233-9A23-2D1D20A61D56} = {70BE002B-7554-4778-9000-71A0BE5F000F}
		{11B0851D-BCF5-425B-BE6F-C191DF8DD13F} = {70BE002B-7554-4778-9000-71A0BE5F000F}
		{71F05BBD-2EFA-4C66-8B70-0DF6403ED5EC} = {70BE002B-7554-4778-9000-71A0BE5F000F}
	EndGlobalSection
	GlobalSection(ExtensibilityGlobals) = postSolution
		SolutionGuid = {CCA313F9-D686-47D9-92B1-0E09CCBE33B5}
	EndGlobalSection
EndGlobal
